// !$*UTF8*$!
{
	archiveVersion = 1;
	classes = {
	};
	objectVersion = 56;
	objects = {

/* Begin PBXBuildFile section */
		1AEBB5BE2A9D984C00020A2D /* AppDelegate.swift in Sources */ = {isa = PBXBuildFile; fileRef = 1AEBB5BD2A9D984C00020A2D /* AppDelegate.swift */; };
		1AEBB5C02A9D984C00020A2D /* SceneDelegate.swift in Sources */ = {isa = PBXBuildFile; fileRef = 1AEBB5BF2A9D984C00020A2D /* SceneDelegate.swift */; };
		1AEBB5C22A9D984C00020A2D /* ViewController.swift in Sources */ = {isa = PBXBuildFile; fileRef = 1AEBB5C12A9D984C00020A2D /* ViewController.swift */; };
		1AEBB5C52A9D984C00020A2D /* Main.storyboard in Resources */ = {isa = PBXBuildFile; fileRef = 1AEBB5C32A9D984C00020A2D /* Main.storyboard */; };
		1AEBB5C72A9D984D00020A2D /* Assets.xcassets in Resources */ = {isa = PBXBuildFile; fileRef = 1AEBB5C62A9D984D00020A2D /* Assets.xcassets */; };
		1AEBB5CA2A9D984D00020A2D /* LaunchScreen.storyboard in Resources */ = {isa = PBXBuildFile; fileRef = 1AEBB5C82A9D984D00020A2D /* LaunchScreen.storyboard */; };
		1AEBB5D32A9DB9EB00020A2D /* PictureCollectionViewCell.swift in Sources */ = {isa = PBXBuildFile; fileRef = 1AEBB5D12A9DB9EB00020A2D /* PictureCollectionViewCell.swift */; };
		1AEBB5D42A9DB9EB00020A2D /* PictureCollectionViewCell.xib in Resources */ = {isa = PBXBuildFile; fileRef = 1AEBB5D22A9DB9EB00020A2D /* PictureCollectionViewCell.xib */; };
		1AEBB5D62A9E39C700020A2D /* DetailViewController.swift in Sources */ = {isa = PBXBuildFile; fileRef = 1AEBB5D52A9E39C700020A2D /* DetailViewController.swift */; };
/* End PBXBuildFile section */

/* Begin PBXFileReference section */
		1AEBB5BA2A9D984C00020A2D /* Project25-Selfie Share.app */ = {isa = PBXFileReference; explicitFileType = wrapper.application; includeInIndex = 0; path = "Project25-Selfie Share.app"; sourceTree = BUILT_PRODUCTS_DIR; };
		1AEBB5BD2A9D984C00020A2D /* AppDelegate.swift */ = {isa = PBXFileReference; lastKnownFileType = sourcecode.swift; path = AppDelegate.swift; sourceTree = "<group>"; };
		1AEBB5BF2A9D984C00020A2D /* SceneDelegate.swift */ = {isa = PBXFileReference; lastKnownFileType = sourcecode.swift; path = SceneDelegate.swift; sourceTree = "<group>"; };
		1AEBB5C12A9D984C00020A2D /* ViewController.swift */ = {isa = PBXFileReference; lastKnownFileType = sourcecode.swift; path = ViewController.swift; sourceTree = "<group>"; };
		1AEBB5C42A9D984C00020A2D /* Base */ = {isa = PBXFileReference; lastKnownFileType = file.storyboard; name = Base; path = Base.lproj/Main.storyboard; sourceTree = "<group>"; };
		1AEBB5C62A9D984D00020A2D /* Assets.xcassets */ = {isa = PBXFileReference; lastKnownFileType = folder.assetcatalog; path = Assets.xcassets; sourceTree = "<group>"; };
		1AEBB5C92A9D984D00020A2D /* Base */ = {isa = PBXFileReference; lastKnownFileType = file.storyboard; name = Base; path = Base.lproj/LaunchScreen.storyboard; sourceTree = "<group>"; };
		1AEBB5CB2A9D984D00020A2D /* Info.plist */ = {isa = PBXFileReference; lastKnownFileType = text.plist.xml; path = Info.plist; sourceTree = "<group>"; };
		1AEBB5D12A9DB9EB00020A2D /* PictureCollectionViewCell.swift */ = {isa = PBXFileReference; lastKnownFileType = sourcecode.swift; path = PictureCollectionViewCell.swift; sourceTree = "<group>"; };
		1AEBB5D22A9DB9EB00020A2D /* PictureCollectionViewCell.xib */ = {isa = PBXFileReference; lastKnownFileType = file.xib; path = PictureCollectionViewCell.xib; sourceTree = "<group>"; };
		1AEBB5D52A9E39C700020A2D /* DetailViewController.swift */ = {isa = PBXFileReference; lastKnownFileType = sourcecode.swift; path = DetailViewController.swift; sourceTree = "<group>"; };
/* End PBXFileReference section */

/* Begin PBXFrameworksBuildPhase section */
		1AEBB5B72A9D984C00020A2D /* Frameworks */ = {
			isa = PBXFrameworksBuildPhase;
			buildActionMask = 2147483647;
			files = (
			);
			runOnlyForDeploymentPostprocessing = 0;
		};
/* End PBXFrameworksBuildPhase section */

/* Begin PBXGroup section */
		1AEBB5B12A9D984C00020A2D = {
			isa = PBXGroup;
			children = (
				1AEBB5BC2A9D984C00020A2D /* Project25-Selfie Share */,
				1AEBB5BB2A9D984C00020A2D /* Products */,
			);
			sourceTree = "<group>";
		};
		1AEBB5BB2A9D984C00020A2D /* Products */ = {
			isa = PBXGroup;
			children = (
				1AEBB5BA2A9D984C00020A2D /* Project25-Selfie Share.app */,
			);
			name = Products;
			sourceTree = "<group>";
		};
		1AEBB5BC2A9D984C00020A2D /* Project25-Selfie Share */ = {
			isa = PBXGroup;
			children = (
				1AEBB5BD2A9D984C00020A2D /* AppDelegate.swift */,
				1AEBB5BF2A9D984C00020A2D /* SceneDelegate.swift */,
				1AEBB5C12A9D984C00020A2D /* ViewController.swift */,
				1AEBB5C32A9D984C00020A2D /* Main.storyboard */,
				1AEBB5D22A9DB9EB00020A2D /* PictureCollectionViewCell.xib */,
				1AEBB5D12A9DB9EB00020A2D /* PictureCollectionViewCell.swift */,
				1AEBB5D52A9E39C700020A2D /* DetailViewController.swift */,
				1AEBB5C62A9D984D00020A2D /* Assets.xcassets */,
				1AEBB5C82A9D984D00020A2D /* LaunchScreen.storyboard */,
				1AEBB5CB2A9D984D00020A2D /* Info.plist */,
			);
			path = "Project25-Selfie Share";
			sourceTree = "<group>";
		};
/* End PBXGroup section */

/* Begin PBXNativeTarget section */
		1AEBB5B92A9D984C00020A2D /* Project25-Selfie Share */ = {
			isa = PBXNativeTarget;
			buildConfigurationList = 1AEBB5CE2A9D984D00020A2D /* Build configuration list for PBXNativeTarget "Project25-Selfie Share" */;
			buildPhases = (
				1AEBB5B62A9D984C00020A2D /* Sources */,
				1AEBB5B72A9D984C00020A2D /* Frameworks */,
				1AEBB5B82A9D984C00020A2D /* Resources */,
			);
			buildRules = (
			);
			dependencies = (
			);
			name = "Project25-Selfie Share";
			productName = "Project25-Selfie Share";
			productReference = 1AEBB5BA2A9D984C00020A2D /* Project25-Selfie Share.app */;
			productType = "com.apple.product-type.application";
		};
/* End PBXNativeTarget section */

/* Begin PBXProject section */
		1AEBB5B22A9D984C00020A2D /* Project object */ = {
			isa = PBXProject;
			attributes = {
				BuildIndependentTargetsInParallel = 1;
				LastSwiftUpdateCheck = 1430;
				LastUpgradeCheck = 1430;
				TargetAttributes = {
					1AEBB5B92A9D984C00020A2D = {
						CreatedOnToolsVersion = 14.3;
					};
				};
			};
			buildConfigurationList = 1AEBB5B52A9D984C00020A2D /* Build configuration list for PBXProject "Project25-Selfie Share" */;
			compatibilityVersion = "Xcode 14.0";
			developmentRegion = en;
			hasScannedForEncodings = 0;
			knownRegions = (
				en,
				Base,
			);
			mainGroup = 1AEBB5B12A9D984C00020A2D;
			productRefGroup = 1AEBB5BB2A9D984C00020A2D /* Products */;
			projectDirPath = "";
			projectRoot = "";
			targets = (
				1AEBB5B92A9D984C00020A2D /* Project25-Selfie Share */,
			);
		};
/* End PBXProject section */

/* Begin PBXResourcesBuildPhase section */
		1AEBB5B82A9D984C00020A2D /* Resources */ = {
			isa = PBXResourcesBuildPhase;
			buildActionMask = 2147483647;
			files = (
				1AEBB5CA2A9D984D00020A2D /* LaunchScreen.storyboard in Resources */,
				1AEBB5D42A9DB9EB00020A2D /* PictureCollectionViewCell.xib in Resources */,
				1AEBB5C72A9D984D00020A2D /* Assets.xcassets in Resources */,
				1AEBB5C52A9D984C00020A2D /* Main.storyboard in Resources */,
			);
			runOnlyForDeploymentPostprocessing = 0;
		};
/* End PBXResourcesBuildPhase section */

/* Begin PBXSourcesBuildPhase section */
		1AEBB5B62A9D984C00020A2D /* Sources */ = {
			isa = PBXSourcesBuildPhase;
			buildActionMask = 2147483647;
			files = (
				1AEBB5C22A9D984C00020A2D /* ViewController.swift in Sources */,
				1AEBB5D32A9DB9EB00020A2D /* PictureCollectionViewCell.swift in Sources */,
				1AEBB5D62A9E39C700020A2D /* DetailViewController.swift in Sources */,
				1AEBB5BE2A9D984C00020A2D /* AppDelegate.swift in Sources */,
				1AEBB5C02A9D984C00020A2D /* SceneDelegate.swift in Sources */,
			);
			runOnlyForDeploymentPostprocessing = 0;
		};
/* End PBXSourcesBuildPhase section */

/* Begin PBXVariantGroup section */
		1AEBB5C32A9D984C00020A2D /* Main.storyboard */ = {
			isa = PBXVariantGroup;
			children = (
				1AEBB5C42A9D984C00020A2D /* Base */,
			);
			name = Main.storyboard;
			sourceTree = "<group>";
		};
		1AEBB5C82A9D984D00020A2D /* LaunchScreen.storyboard */ = {
			isa = PBXVariantGroup;
			children = (
				1AEBB5C92A9D984D00020A2D /* Base */,
			);
			name = LaunchScreen.storyboard;
			sourceTree = "<group>";
		};
/* End PBXVariantGroup section */

/* Begin XCBuildConfiguration section */
		1AEBB5CC2A9D984D00020A2D /* Debug */ = {
			isa = XCBuildConfiguration;
			buildSettings = {
				ALWAYS_SEARCH_USER_PATHS = NO;
				CLANG_ANALYZER_NONNULL = YES;
				CLANG_ANALYZER_NUMBER_OBJECT_CONVERSION = YES_AGGRESSIVE;
				CLANG_CXX_LANGUAGE_STANDARD = "gnu++20";
				CLANG_ENABLE_MODULES = YES;
				CLANG_ENABLE_OBJC_ARC = YES;
				CLANG_ENABLE_OBJC_WEAK = YES;
				CLANG_WARN_BLOCK_CAPTURE_AUTORELEASING = YES;
				CLANG_WARN_BOOL_CONVERSION = YES;
				CLANG_WARN_COMMA = YES;
				CLANG_WARN_CONSTANT_CONVERSION = YES;
				CLANG_WARN_DEPRECATED_OBJC_IMPLEMENTATIONS = YES;
				CLANG_WARN_DIRECT_OBJC_ISA_USAGE = YES_ERROR;
				CLANG_WARN_DOCUMENTATION_COMMENTS = YES;
				CLANG_WARN_EMPTY_BODY = YES;
				CLANG_WARN_ENUM_CONVERSION = YES;
				CLANG_WARN_INFINITE_RECURSION = YES;
				CLANG_WARN_INT_CONVERSION = YES;
				CLANG_WARN_NON_LITERAL_NULL_CONVERSION = YES;
				CLANG_WARN_OBJC_IMPLICIT_RETAIN_SELF = YES;
				CLANG_WARN_OBJC_LITERAL_CONVERSION = YES;
				CLANG_WARN_OBJC_ROOT_CLASS = YES_ERROR;
				CLANG_WARN_QUOTED_INCLUDE_IN_FRAMEWORK_HEADER = YES;
				CLANG_WARN_RANGE_LOOP_ANALYSIS = YES;
				CLANG_WARN_STRICT_PROTOTYPES = YES;
				CLANG_WARN_SUSPICIOUS_MOVE = YES;
				CLANG_WARN_UNGUARDED_AVAILABILITY = YES_AGGRESSIVE;
				CLANG_WARN_UNREACHABLE_CODE = YES;
				CLANG_WARN__DUPLICATE_METHOD_MATCH = YES;
				COPY_PHASE_STRIP = NO;
				DEBUG_INFORMATION_FORMAT = dwarf;
				ENABLE_STRICT_OBJC_MSGSEND = YES;
				ENABLE_TESTABILITY = YES;
				GCC_C_LANGUAGE_STANDARD = gnu11;
				GCC_DYNAMIC_NO_PIC = NO;
				GCC_NO_COMMON_BLOCKS = YES;
				GCC_OPTIMIZATION_LEVEL = 0;
				GCC_PREPROCESSOR_DEFINITIONS = (
					"DEBUG=1",
					"$(inherited)",
				);
				GCC_WARN_64_TO_32_BIT_CONVERSION = YES;
				GCC_WARN_ABOUT_RETURN_TYPE = YES_ERROR;
				GCC_WARN_UNDECLARED_SELECTOR = YES;
				GCC_WARN_UNINITIALIZED_AUTOS = YES_AGGRESSIVE;
				GCC_WARN_UNUSED_FUNCTION = YES;
				GCC_WARN_UNUSED_VARIABLE = YES;
				IPHONEOS_DEPLOYMENT_TARGET = 16.4;
				MTL_ENABLE_DEBUG_INFO = INCLUDE_SOURCE;
				MTL_FAST_MATH = YES;
				ONLY_ACTIVE_ARCH = YES;
				SDKROOT = iphoneos;
				SWIFT_ACTIVE_COMPILATION_CONDITIONS = DEBUG;
				SWIFT_OPTIMIZATION_LEVEL = "-Onone";
			};
			name = Debug;
		};
		1AEBB5CD2A9D984D00020A2D /* Release */ = {
			isa = XCBuildConfiguration;
			buildSettings = {
				ALWAYS_SEARCH_USER_PATHS = NO;
				CLANG_ANALYZER_NONNULL = YES;
				CLANG_ANALYZER_NUMBER_OBJECT_CONVERSION = YES_AGGRESSIVE;
				CLANG_CXX_LANGUAGE_STANDARD = "gnu++20";
				CLANG_ENABLE_MODULES = YES;
				CLANG_ENABLE_OBJC_ARC = YES;
				CLANG_ENABLE_OBJC_WEAK = YES;
				CLANG_WARN_BLOCK_CAPTURE_AUTORELEASING = YES;
				CLANG_WARN_BOOL_CONVERSION = YES;
				CLANG_WARN_COMMA = YES;
				CLANG_WARN_CONSTANT_CONVERSION = YES;
				CLANG_WARN_DEPRECATED_OBJC_IMPLEMENTATIONS = YES;
				CLANG_WARN_DIRECT_OBJC_ISA_USAGE = YES_ERROR;
				CLANG_WARN_DOCUMENTATION_COMMENTS = YES;
				CLANG_WARN_EMPTY_BODY = YES;
				CLANG_WARN_ENUM_CONVERSION = YES;
				CLANG_WARN_INFINITE_RECURSION = YES;
				CLANG_WARN_INT_CONVERSION = YES;
				CLANG_WARN_NON_LITERAL_NULL_CONVERSION = YES;
				CLANG_WARN_OBJC_IMPLICIT_RETAIN_SELF = YES;
				CLANG_WARN_OBJC_LITERAL_CONVERSION = YES;
				CLANG_WARN_OBJC_ROOT_CLASS = YES_ERROR;
				CLANG_WARN_QUOTED_INCLUDE_IN_FRAMEWORK_HEADER = YES;
				CLANG_WARN_RANGE_LOOP_ANALYSIS = YES;
				CLANG_WARN_STRICT_PROTOTYPES = YES;
				CLANG_WARN_SUSPICIOUS_MOVE = YES;
				CLANG_WARN_UNGUARDED_AVAILABILITY = YES_AGGRESSIVE;
				CLANG_WARN_UNREACHABLE_CODE = YES;
				CLANG_WARN__DUPLICATE_METHOD_MATCH = YES;
				COPY_PHASE_STRIP = NO;
				DEBUG_INFORMATION_FORMAT = "dwarf-with-dsym";
				ENABLE_NS_ASSERTIONS = NO;
				ENABLE_STRICT_OBJC_MSGSEND = YES;
				GCC_C_LANGUAGE_STANDARD = gnu11;
				GCC_NO_COMMON_BLOCKS = YES;
				GCC_WARN_64_TO_32_BIT_CONVERSION = YES;
				GCC_WARN_ABOUT_RETURN_TYPE = YES_ERROR;
				GCC_WARN_UNDECLARED_SELECTOR = YES;
				GCC_WARN_UNINITIALIZED_AUTOS = YES_AGGRESSIVE;
				GCC_WARN_UNUSED_FUNCTION = YES;
				GCC_WARN_UNUSED_VARIABLE = YES;
				IPHONEOS_DEPLOYMENT_TARGET = 16.4;
				MTL_ENABLE_DEBUG_INFO = NO;
				MTL_FAST_MATH = YES;
				SDKROOT = iphoneos;
				SWIFT_COMPILATION_MODE = wholemodule;
				SWIFT_OPTIMIZATION_LEVEL = "-O";
				VALIDATE_PRODUCT = YES;
			};
			name = Release;
		};
		1AEBB5CF2A9D984D00020A2D /* Debug */ = {
			isa = XCBuildConfiguration;
			buildSettings = {
				ASSETCATALOG_COMPILER_APPICON_NAME = AppIcon;
				ASSETCATALOG_COMPILER_GLOBAL_ACCENT_COLOR_NAME = AccentColor;
				CODE_SIGN_STYLE = Automatic;
				CURRENT_PROJECT_VERSION = 1;
				DEVELOPMENT_TEAM = 3L566L7593;
				GENERATE_INFOPLIST_FILE = YES;
				INFOPLIST_FILE = "Project25-Selfie Share/Info.plist";
				INFOPLIST_KEY_UIApplicationSupportsIndirectInputEvents = YES;
				INFOPLIST_KEY_UILaunchStoryboardName = LaunchScreen;
				INFOPLIST_KEY_UIMainStoryboardFile = Main;
				INFOPLIST_KEY_UISupportedInterfaceOrientations_iPad = "UIInterfaceOrientationPortrait UIInterfaceOrientationPortraitUpsideDown UIInterfaceOrientationLandscapeLeft UIInterfaceOrientationLandscapeRight";
				INFOPLIST_KEY_UISupportedInterfaceOrientations_iPhone = "UIInterfaceOrientationPortrait UIInterfaceOrientationLandscapeLeft UIInterfaceOrientationLandscapeRight";
				LD_RUNPATH_SEARCH_PATHS = (
					"$(inherited)",
					"@executable_path/Frameworks",
				);
				MARKETING_VERSION = 1.0;
				PRODUCT_BUNDLE_IDENTIFIER = "com.suhail.Project25-Selfie-Share";
				PRODUCT_NAME = "$(TARGET_NAME)";
				SWIFT_EMIT_LOC_STRINGS = YES;
				SWIFT_VERSION = 5.0;
				TARGETED_DEVICE_FAMILY = "1,2";
			};
			name = Debug;
		};
		1AEBB5D02A9D984D00020A2D /* Release */ = {
			isa = XCBuildConfiguration;
			buildSettings = {
				ASSETCATALOG_COMPILER_APPICON_NAME = AppIcon;
				ASSETCATALOG_COMPILER_GLOBAL_ACCENT_COLOR_NAME = AccentColor;
				CODE_SIGN_STYLE = Automatic;
				CURRENT_PROJECT_VERSION = 1;
				DEVELOPMENT_TEAM = 3L566L7593;
				GENERATE_INFOPLIST_FILE = YES;
				INFOPLIST_FILE = "Project25-Selfie Share/Info.plist";
				INFOPLIST_KEY_UIApplicationSupportsIndirectInputEvents = YES;
				INFOPLIST_KEY_UILaunchStoryboardName = LaunchScreen;
				INFOPLIST_KEY_UIMainStoryboardFile = Main;
				INFOPLIST_KEY_UISupportedInterfaceOrientations_iPad = "UIInterfaceOrientationPortrait UIInterfaceOrientationPortraitUpsideDown UIInterfaceOrientationLandscapeLeft UIInterfaceOrientationLandscapeRight";
				INFOPLIST_KEY_UISupportedInterfaceOrientations_iPhone = "UIInterfaceOrientationPortrait UIInterfaceOrientationLandscapeLeft UIInterfaceOrientationLandscapeRight";
				LD_RUNPATH_SEARCH_PATHS = (
					"$(inherited)",
					"@executable_path/Frameworks",
				);
				MARKETING_VERSION = 1.0;
				PRODUCT_BUNDLE_IDENTIFIER = "com.suhail.Project25-Selfie-Share";
				PRODUCT_NAME = "$(TARGET_NAME)";
				SWIFT_EMIT_LOC_STRINGS = YES;
				SWIFT_VERSION = 5.0;
				TARGETED_DEVICE_FAMILY = "1,2";
			};
			name = Release;
		};
/* End XCBuildConfiguration section */

/* Begin XCConfigurationList section */
		1AEBB5B52A9D984C00020A2D /* Build configuration list for PBXProject "Project25-Selfie Share" */ = {
			isa = XCConfigurationList;
			buildConfigurations = (
				1AEBB5CC2A9D984D00020A2D /* Debug */,
				1AEBB5CD2A9D984D00020A2D /* Release */,
			);
			defaultConfigurationIsVisible = 0;
			defaultConfigurationName = Release;
		};
		1AEBB5CE2A9D984D00020A2D /* Build configuration list for PBXNativeTarget "Project25-Selfie Share" */ = {
			isa = XCConfigurationList;
			buildConfigurations = (
				1AEBB5CF2A9D984D00020A2D /* Debug */,
				1AEBB5D02A9D984D00020A2D /* Release */,
			);
			defaultConfigurationIsVisible = 0;
			defaultConfigurationName = Release;
		};
/* End XCConfigurationList section */
	};
	rootObject = 1AEBB5B22A9D984C00020A2D /* Project object */;
}
